github.com/a-h/templ v0.3.857 h1:6EqcJuGZW4OL+2iZ3MD+NnIcG7nGkaQeF2Zq5kf9ZGg=
github.com/a-h/templ v0.3.857/go.mod h1:qhrhAkRFubE7khxLZHsBFHfX+gWwVNKbzKeF9GlPV4M=
github.com/delaneyj/gostar v0.8.0 h1:uT1JR+77P5ePL4BVTXsKNLtwUUtMAu/dNLryjEk95RA=
github.com/delaneyj/gostar v0.8.0/go.mod h1:mlxRWAVbntRR2VWlpXAzt7y9HY+bQtEm/lsyFnGLx/w=
github.com/goccy/go-json v0.10.4 h1:JSwxQzIqKfmFX1swYPpUThQZp/Ka4wzJdK0LWVytLPM=
github.com/goccy/go-json v0.10.4/go.mod h1:oq7eo15ShAhp70Anwd5lgX2pLfOS3QCiwU/PULtXL6M=
github.com/golang-jwt/jwt/v5 v5.2.2 h1:Rl4B7itRWVtYIHFrSNd7vhTiz9UpLdi6gZhZ3wEeDy8=
github.com/golang-jwt/jwt/v5 v5.2.2/go.mod h1:pqrtFR0X4osieyHYxtmOUWsAWrfe1Q5UVIyoH402zdk=
github.com/google/go-cmp v0.6.0 h1:ofyhxvXcZhMsU5ulbFiLKl/XBFqE1GSq7atu8tAmTRI=
github.com/google/go-cmp v0.6.0/go.mod h1:17dUlkBOakJ0+DkrSSNjCkIjxS6bF9zb3elmeNGIjoY=
github.com/google/uuid v1.6.0 h1:NIvaJDMOsjHA8n1jAhLSgzrAzy1Hgr+hNrb57e+94F0=
github.com/google/uuid v1.6.0/go.mod h1:TIyPZe4MgqvfeYDBFedMoGGpEw/LqOeaOT+nhxU+yHo=
github.com/igrmk/treemap/v2 v2.0.1 h1:Jhy4z3yhATvYZMWCmxsnHO5NnNZBdueSzvxh6353l+0=
github.com/igrmk/treemap/v2 v2.0.1/go.mod h1:PkTPvx+8OHS8/41jnnyVY+oVsfkaOUZGcr+sfonosd4=
github.com/joho/godotenv v1.5.1 h1:7eLL/+HRGLY0ldzfGMeQkb7vMd0as4CfYvUVzLqw0N0=
github.com/joho/godotenv v1.5.1/go.mod h1:f4LDr5Voq0i2e/R5DDNOoa2zzDfwtkZa6DnEwAbqwq4=
github.com/lib/pq v1.10.9 h1:YXG7RB+JIjhP29X+OtkiDnYaXQwpS4JEWq7dtCCRUEw=
github.com/lib/pq v1.10.9/go.mod h1:AlVN5x4E4T544tWzH6hKfbfQvm3HdbOxrmggDNAPY9o=
github.com/samber/lo v1.47.0 h1:z7RynLwP5nbyRscyvcD043DWYoOcYRv3mV8lBeqOCLc=
github.com/samber/lo v1.47.0/go.mod h1:RmDH9Ct32Qy3gduHQuKJ3gW1fMHAnE/fAzQuf6He5cU=
github.com/starfederation/datastar v0.21.4 h1:Njp0dYokG27WCEWrgAbs5NNU0CVPQDheb8R0NjoPSi0=
github.com/starfederation/datastar v0.21.4/go.mod h1:QRVnnH5KxIIcOzq0b2Dpl7QnV/G70Wsr3+2RiH4X+Mw=
github.com/valyala/bytebufferpool v1.0.0 h1:GqA5TC/0021Y/b9FG4Oi9Mr3q7XYx6KllzawFIhcdPw=
github.com/valyala/bytebufferpool v1.0.0/go.mod h1:6bBcMArwyJ5K/AmCkWv1jt77kVWyCJ6HpOuEn7z0Csc=
golang.org/x/crypto v0.37.0 h1:kJNSjF/Xp7kU0iB2Z+9viTPMW4EqqsrywMXLJOOsXSE=
golang.org/x/crypto v0.37.0/go.mod h1:vg+k43peMZ0pUMhYmVAWysMK35e6ioLh3wB8ZCAfbVc=
golang.org/x/exp v0.0.0-20241217172543-b2144cdd0a67 h1:1UoZQm6f0P/ZO0w1Ri+f+ifG/gXhegadRdwBIXEFWDo=
golang.org/x/exp v0.0.0-20241217172543-b2144cdd0a67/go.mod h1:qj5a5QZpwLU2NLQudwIN5koi3beDhSAlJwa67PuM98c=
golang.org/x/text v0.24.0 h1:dd5Bzh4yt5KYA8f9CJHCP4FB4D51c2c6JvN37xJJkJ0=
golang.org/x/text v0.24.0/go.mod h1:L8rBsPeo2pSS+xqN0d5u2ikmjtmoJbDBT1b7nHvFCdU=
